
Microsoft Visual Studio Solution File, Format Version 12.00
# Visual Studio 14
VisualStudioVersion = 14.0.25420.1
MinimumVisualStudioVersion = 10.0.40219.1
Project("{FAE04EC0-301F-11D3-BF4B-00C04F79EFBC}") = "ProxyPattern", "ProxyPattern\ProxyPattern.csproj", "{553219C1-1067-4E8F-985B-B3B39FE76DFA}"
	ProjectSection(ProjectDependencies) = postProject
		{E8DF77CE-8A05-4526-BBCB-05C50D23B1FA} = {E8DF77CE-8A05-4526-BBCB-05C50D23B1FA}
	EndProjectSection
EndProject
Project("{FAE04EC0-301F-11D3-BF4B-00C04F79EFBC}") = "FlyweightPattern", "FlyweightPattern\FlyweightPattern.csproj", "{BB47ED16-E564-4CB0-8566-38FCBD680FC6}"
	ProjectSection(ProjectDependencies) = postProject
		{553219C1-1067-4E8F-985B-B3B39FE76DFA} = {553219C1-1067-4E8F-985B-B3B39FE76DFA}
		{0B197FF7-8D75-4B18-8162-D17130E07E4C} = {0B197FF7-8D75-4B18-8162-D17130E07E4C}
	EndProjectSection
EndProject
Project("{FAE04EC0-301F-11D3-BF4B-00C04F79EFBC}") = "DecoratorPattern", "DecoratorPattern\DecoratorPattern.csproj", "{0B197FF7-8D75-4B18-8162-D17130E07E4C}"
EndProject
Project("{FAE04EC0-301F-11D3-BF4B-00C04F79EFBC}") = "AdapterPattern", "AdapterPattern\AdapterPattern.csproj", "{E8DF77CE-8A05-4526-BBCB-05C50D23B1FA}"
EndProject
Project("{FAE04EC0-301F-11D3-BF4B-00C04F79EFBC}") = "FacadePattern", "FacadePattern\FacadePattern.csproj", "{3B028C35-2F67-4741-95E9-8B85AAEAB23F}"
	ProjectSection(ProjectDependencies) = postProject
		{0B197FF7-8D75-4B18-8162-D17130E07E4C} = {0B197FF7-8D75-4B18-8162-D17130E07E4C}
	EndProjectSection
EndProject
Global
	GlobalSection(SolutionConfigurationPlatforms) = preSolution
		Debug|x86 = Debug|x86
		Release|x86 = Release|x86
	EndGlobalSection
	GlobalSection(ProjectConfigurationPlatforms) = postSolution
		{553219C1-1067-4E8F-985B-B3B39FE76DFA}.Debug|x86.ActiveCfg = Debug|x86
		{553219C1-1067-4E8F-985B-B3B39FE76DFA}.Debug|x86.Build.0 = Debug|x86
		{553219C1-1067-4E8F-985B-B3B39FE76DFA}.Release|x86.ActiveCfg = Release|x86
		{553219C1-1067-4E8F-985B-B3B39FE76DFA}.Release|x86.Build.0 = Release|x86
		{BB47ED16-E564-4CB0-8566-38FCBD680FC6}.Debug|x86.ActiveCfg = Debug|x86
		{BB47ED16-E564-4CB0-8566-38FCBD680FC6}.Debug|x86.Build.0 = Debug|x86
		{BB47ED16-E564-4CB0-8566-38FCBD680FC6}.Release|x86.ActiveCfg = Release|x86
		{BB47ED16-E564-4CB0-8566-38FCBD680FC6}.Release|x86.Build.0 = Release|x86
		{0B197FF7-8D75-4B18-8162-D17130E07E4C}.Debug|x86.ActiveCfg = Debug|x86
		{0B197FF7-8D75-4B18-8162-D17130E07E4C}.Debug|x86.Build.0 = Debug|x86
		{0B197FF7-8D75-4B18-8162-D17130E07E4C}.Release|x86.ActiveCfg = Release|x86
		{0B197FF7-8D75-4B18-8162-D17130E07E4C}.Release|x86.Build.0 = Release|x86
		{E8DF77CE-8A05-4526-BBCB-05C50D23B1FA}.Debug|x86.ActiveCfg = Debug|x86
		{E8DF77CE-8A05-4526-BBCB-05C50D23B1FA}.Debug|x86.Build.0 = Debug|x86
		{E8DF77CE-8A05-4526-BBCB-05C50D23B1FA}.Release|x86.ActiveCfg = Release|x86
		{E8DF77CE-8A05-4526-BBCB-05C50D23B1FA}.Release|x86.Build.0 = Release|x86
		{3B028C35-2F67-4741-95E9-8B85AAEAB23F}.Debug|x86.ActiveCfg = Debug|x86
		{3B028C35-2F67-4741-95E9-8B85AAEAB23F}.Debug|x86.Build.0 = Debug|x86
		{3B028C35-2F67-4741-95E9-8B85AAEAB23F}.Release|x86.ActiveCfg = Release|x86
		{3B028C35-2F67-4741-95E9-8B85AAEAB23F}.Release|x86.Build.0 = Release|x86
	EndGlobalSection
	GlobalSection(SolutionProperties) = preSolution
		HideSolutionNode = FALSE
	EndGlobalSection
EndGlobal
